
Microsoft Visual Studio Solution File, Format Version 12.00
# Visual Studio Version 17
VisualStudioVersion = 17.8.34309.116
MinimumVisualStudioVersion = 10.0.40219.1
Project("{FAE04EC0-301F-11D3-BF4B-00C04F79EFBC}") = "SAPConsoleApp", "SAPConsoleApp\SAPConsoleApp.csproj", "{BB5924C6-16F5-4325-8C3A-B24B31D513B9}"
EndProject
Global
	GlobalSection(SolutionConfigurationPlatforms) = preSolution
		Debug|Any CPU = Debug|Any CPU
		Debug|x64 = Debug|x64
		Release|Any CPU = Release|Any CPU
		Release|x64 = Release|x64
	EndGlobalSection
	GlobalSection(ProjectConfigurationPlatforms) = postSolution
		{BB5924C6-16F5-4325-8C3A-B24B31D513B9}.Debug|Any CPU.ActiveCfg = Debug|Any CPU
		{BB5924C6-16F5-4325-8C3A-B24B31D513B9}.Debug|Any CPU.Build.0 = Debug|Any CPU
		{BB5924C6-16F5-4325-8C3A-B24B31D513B9}.Debug|x64.ActiveCfg = Debug|x64
		{BB5924C6-16F5-4325-8C3A-B24B31D513B9}.Debug|x64.Build.0 = Debug|x64
		{BB5924C6-16F5-4325-8C3A-B24B31D513B9}.Release|Any CPU.ActiveCfg = Release|Any CPU
		{BB5924C6-16F5-4325-8C3A-B24B31D513B9}.Release|Any CPU.Build.0 = Release|Any CPU
		{BB5924C6-16F5-4325-8C3A-B24B31D513B9}.Release|x64.ActiveCfg = Release|x64
		{BB5924C6-16F5-4325-8C3A-B24B31D513B9}.Release|x64.Build.0 = Release|x64
	EndGlobalSection
	GlobalSection(SolutionProperties) = preSolution
		HideSolutionNode = FALSE
	EndGlobalSection
	GlobalSection(ExtensibilityGlobals) = postSolution
		SolutionGuid = {68E2A522-5480-4570-ACD0-B8527FDF6318}
	EndGlobalSection
EndGlobal
